
Microsoft Visual Studio Solution File, Format Version 12.00
# Visual Studio Version 17
VisualStudioVersion = 17.14.36414.22 d17.14
MinimumVisualStudioVersion = 10.0.40219.1
Project("{FAE04EC0-301F-11D3-BF4B-00C04F79EFBC}") = "google.wepapi", "google.wepapi.csproj", "{B8D5A1BA-7350-4042-B548-100096EF2F2E}"
EndProject
Global
	GlobalSection(SolutionConfigurationPlatforms) = preSolution
		Debug|Any CPU = Debug|Any CPU
		Release|Any CPU = Release|Any CPU
	EndGlobalSection
	GlobalSection(ProjectConfigurationPlatforms) = postSolution
		{B8D5A1BA-7350-4042-B548-100096EF2F2E}.Debug|Any CPU.ActiveCfg = Debug|Any CPU
		{B8D5A1BA-7350-4042-B548-100096EF2F2E}.Debug|Any CPU.Build.0 = Debug|Any CPU
		{B8D5A1BA-7350-4042-B548-100096EF2F2E}.Release|Any CPU.ActiveCfg = Release|Any CPU
		{B8D5A1BA-7350-4042-B548-100096EF2F2E}.Release|Any CPU.Build.0 = Release|Any CPU
	EndGlobalSection
	GlobalSection(SolutionProperties) = preSolution
		HideSolutionNode = FALSE
	EndGlobalSection
	GlobalSection(ExtensibilityGlobals) = postSolution
		SolutionGuid = {A0487718-BC72-4863-B4F7-53A210BC0011}
	EndGlobalSection
EndGlobal
